// !$*UTF8*$!
{
	archiveVersion = 1;
	classes = {
	};
	objectVersion = 56;
	objects = {

/* Begin PBXBuildFile section */
		F851851229C9FD3400D0CADE /* AppetizersApp.swift in Sources */ = {isa = PBXBuildFile; fileRef = F851851129C9FD3400D0CADE /* AppetizersApp.swift */; };
		F851851429C9FD3400D0CADE /* AppetizerTabView.swift in Sources */ = {isa = PBXBuildFile; fileRef = F851851329C9FD3400D0CADE /* AppetizerTabView.swift */; };
		F851851629C9FD3500D0CADE /* Assets.xcassets in Resources */ = {isa = PBXBuildFile; fileRef = F851851529C9FD3500D0CADE /* Assets.xcassets */; };
		F851851929C9FD3500D0CADE /* Preview Assets.xcassets in Resources */ = {isa = PBXBuildFile; fileRef = F851851829C9FD3500D0CADE /* Preview Assets.xcassets */; };
		F851852029C9FDEA00D0CADE /* AppetizerListView.swift in Sources */ = {isa = PBXBuildFile; fileRef = F851851F29C9FDEA00D0CADE /* AppetizerListView.swift */; };
		F851852229C9FDFB00D0CADE /* AccountView.swift in Sources */ = {isa = PBXBuildFile; fileRef = F851852129C9FDFB00D0CADE /* AccountView.swift */; };
		F851852429C9FE0600D0CADE /* OrderView.swift in Sources */ = {isa = PBXBuildFile; fileRef = F851852329C9FE0600D0CADE /* OrderView.swift */; };
		F851852629CA2EA700D0CADE /* Appetizer.swift in Sources */ = {isa = PBXBuildFile; fileRef = F851852529CA2EA700D0CADE /* Appetizer.swift */; };
		F851852829CA341300D0CADE /* AppetizerListCell.swift in Sources */ = {isa = PBXBuildFile; fileRef = F851852729CA341300D0CADE /* AppetizerListCell.swift */; };
		F851852A29CA3B8000D0CADE /* NetworkManager.swift in Sources */ = {isa = PBXBuildFile; fileRef = F851852929CA3B8000D0CADE /* NetworkManager.swift */; };
		F851852C29CA3CA500D0CADE /* APError.swift in Sources */ = {isa = PBXBuildFile; fileRef = F851852B29CA3CA500D0CADE /* APError.swift */; };
		F851852E29CA57D400D0CADE /* AppetizerListViewModel.swift in Sources */ = {isa = PBXBuildFile; fileRef = F851852D29CA57D300D0CADE /* AppetizerListViewModel.swift */; };
		F851853029CA5D8F00D0CADE /* Alert.swift in Sources */ = {isa = PBXBuildFile; fileRef = F851852F29CA5D8F00D0CADE /* Alert.swift */; };
		F851853229CA6A6300D0CADE /* LoadingView.swift in Sources */ = {isa = PBXBuildFile; fileRef = F851853129CA6A6300D0CADE /* LoadingView.swift */; };
		F851853429CA6BE500D0CADE /* Color+Ext.swift in Sources */ = {isa = PBXBuildFile; fileRef = F851853329CA6BE500D0CADE /* Color+Ext.swift */; };
		F851853629CA826E00D0CADE /* RemoteImage.swift in Sources */ = {isa = PBXBuildFile; fileRef = F851853529CA826E00D0CADE /* RemoteImage.swift */; };
		F851854529CB1B6200D0CADE /* AppetizerDetailView.swift in Sources */ = {isa = PBXBuildFile; fileRef = F851854429CB1B6200D0CADE /* AppetizerDetailView.swift */; };
/* End PBXBuildFile section */

/* Begin PBXFileReference section */
		F851850E29C9FD3400D0CADE /* Appetizers.app */ = {isa = PBXFileReference; explicitFileType = wrapper.application; includeInIndex = 0; path = Appetizers.app; sourceTree = BUILT_PRODUCTS_DIR; };
		F851851129C9FD3400D0CADE /* AppetizersApp.swift */ = {isa = PBXFileReference; lastKnownFileType = sourcecode.swift; path = AppetizersApp.swift; sourceTree = "<group>"; };
		F851851329C9FD3400D0CADE /* AppetizerTabView.swift */ = {isa = PBXFileReference; lastKnownFileType = sourcecode.swift; path = AppetizerTabView.swift; sourceTree = "<group>"; };
		F851851529C9FD3500D0CADE /* Assets.xcassets */ = {isa = PBXFileReference; lastKnownFileType = folder.assetcatalog; path = Assets.xcassets; sourceTree = "<group>"; };
		F851851829C9FD3500D0CADE /* Preview Assets.xcassets */ = {isa = PBXFileReference; lastKnownFileType = folder.assetcatalog; path = "Preview Assets.xcassets"; sourceTree = "<group>"; };
		F851851F29C9FDEA00D0CADE /* AppetizerListView.swift */ = {isa = PBXFileReference; lastKnownFileType = sourcecode.swift; path = AppetizerListView.swift; sourceTree = "<group>"; };
		F851852129C9FDFB00D0CADE /* AccountView.swift */ = {isa = PBXFileReference; lastKnownFileType = sourcecode.swift; path = AccountView.swift; sourceTree = "<group>"; };
		F851852329C9FE0600D0CADE /* OrderView.swift */ = {isa = PBXFileReference; lastKnownFileType = sourcecode.swift; path = OrderView.swift; sourceTree = "<group>"; };
		F851852529CA2EA700D0CADE /* Appetizer.swift */ = {isa = PBXFileReference; lastKnownFileType = sourcecode.swift; path = Appetizer.swift; sourceTree = "<group>"; };
		F851852729CA341300D0CADE /* AppetizerListCell.swift */ = {isa = PBXFileReference; lastKnownFileType = sourcecode.swift; path = AppetizerListCell.swift; sourceTree = "<group>"; };
		F851852929CA3B8000D0CADE /* NetworkManager.swift */ = {isa = PBXFileReference; lastKnownFileType = sourcecode.swift; path = NetworkManager.swift; sourceTree = "<group>"; };
		F851852B29CA3CA500D0CADE /* APError.swift */ = {isa = PBXFileReference; lastKnownFileType = sourcecode.swift; path = APError.swift; sourceTree = "<group>"; };
		F851852D29CA57D300D0CADE /* AppetizerListViewModel.swift */ = {isa = PBXFileReference; lastKnownFileType = sourcecode.swift; path = AppetizerListViewModel.swift; sourceTree = "<group>"; };
		F851852F29CA5D8F00D0CADE /* Alert.swift */ = {isa = PBXFileReference; lastKnownFileType = sourcecode.swift; path = Alert.swift; sourceTree = "<group>"; };
		F851853129CA6A6300D0CADE /* LoadingView.swift */ = {isa = PBXFileReference; lastKnownFileType = sourcecode.swift; path = LoadingView.swift; sourceTree = "<group>"; };
		F851853329CA6BE500D0CADE /* Color+Ext.swift */ = {isa = PBXFileReference; lastKnownFileType = sourcecode.swift; path = "Color+Ext.swift"; sourceTree = "<group>"; };
		F851853529CA826E00D0CADE /* RemoteImage.swift */ = {isa = PBXFileReference; lastKnownFileType = sourcecode.swift; path = RemoteImage.swift; sourceTree = "<group>"; };
		F851854429CB1B6200D0CADE /* AppetizerDetailView.swift */ = {isa = PBXFileReference; lastKnownFileType = sourcecode.swift; path = AppetizerDetailView.swift; sourceTree = "<group>"; };
/* End PBXFileReference section */

/* Begin PBXFrameworksBuildPhase section */
		F851850B29C9FD3400D0CADE /* Frameworks */ = {
			isa = PBXFrameworksBuildPhase;
			buildActionMask = 2147483647;
			files = (
			);
			runOnlyForDeploymentPostprocessing = 0;
		};
/* End PBXFrameworksBuildPhase section */

/* Begin PBXGroup section */
		F851850529C9FD3400D0CADE = {
			isa = PBXGroup;
			children = (
				F851851029C9FD3400D0CADE /* Appetizers */,
				F851850F29C9FD3400D0CADE /* Products */,
			);
			sourceTree = "<group>";
		};
		F851850F29C9FD3400D0CADE /* Products */ = {
			isa = PBXGroup;
			children = (
				F851850E29C9FD3400D0CADE /* Appetizers.app */,
			);
			name = Products;
			sourceTree = "<group>";
		};
		F851851029C9FD3400D0CADE /* Appetizers */ = {
			isa = PBXGroup;
			children = (
				F851851129C9FD3400D0CADE /* AppetizersApp.swift */,
				F851853F29CB19B800D0CADE /* Models */,
				F851853B29CB196200D0CADE /* Utilities */,
				F851854029CB19DA00D0CADE /* Views */,
				F851853729CB18F900D0CADE /* Screens */,
				F851851529C9FD3500D0CADE /* Assets.xcassets */,
				F851851729C9FD3500D0CADE /* Preview Content */,
			);
			path = Appetizers;
			sourceTree = "<group>";
		};
		F851851729C9FD3500D0CADE /* Preview Content */ = {
			isa = PBXGroup;
			children = (
				F851851829C9FD3500D0CADE /* Preview Assets.xcassets */,
			);
			path = "Preview Content";
			sourceTree = "<group>";
		};
		F851853729CB18F900D0CADE /* Screens */ = {
			isa = PBXGroup;
			children = (
				F851851329C9FD3400D0CADE /* AppetizerTabView.swift */,
				F851853829CB190900D0CADE /* AppetizerListView */,
				F851853A29CB192A00D0CADE /* AccountView */,
				F851853929CB191E00D0CADE /* OrderView */,
			);
			path = Screens;
			sourceTree = "<group>";
		};
		F851853829CB190900D0CADE /* AppetizerListView */ = {
			isa = PBXGroup;
			children = (
				F851851F29C9FDEA00D0CADE /* AppetizerListView.swift */,
				F851852D29CA57D300D0CADE /* AppetizerListViewModel.swift */,
				F851854429CB1B6200D0CADE /* AppetizerDetailView.swift */,
			);
			path = AppetizerListView;
			sourceTree = "<group>";
		};
		F851853929CB191E00D0CADE /* OrderView */ = {
			isa = PBXGroup;
			children = (
				F851852329C9FE0600D0CADE /* OrderView.swift */,
			);
			path = OrderView;
			sourceTree = "<group>";
		};
		F851853A29CB192A00D0CADE /* AccountView */ = {
			isa = PBXGroup;
			children = (
				F851852129C9FDFB00D0CADE /* AccountView.swift */,
			);
			path = AccountView;
			sourceTree = "<group>";
		};
		F851853B29CB196200D0CADE /* Utilities */ = {
			isa = PBXGroup;
			children = (
				F851853E29CB199500D0CADE /* Alerts */,
				F851853D29CB197E00D0CADE /* Extensions */,
				F851853C29CB196F00D0CADE /* Managers */,
			);
			path = Utilities;
			sourceTree = "<group>";
		};
		F851853C29CB196F00D0CADE /* Managers */ = {
			isa = PBXGroup;
			children = (
				F851852929CA3B8000D0CADE /* NetworkManager.swift */,
			);
			path = Managers;
			sourceTree = "<group>";
		};
		F851853D29CB197E00D0CADE /* Extensions */ = {
			isa = PBXGroup;
			children = (
				F851853329CA6BE500D0CADE /* Color+Ext.swift */,
			);
			path = Extensions;
			sourceTree = "<group>";
		};
		F851853E29CB199500D0CADE /* Alerts */ = {
			isa = PBXGroup;
			children = (
				F851852B29CA3CA500D0CADE /* APError.swift */,
				F851852F29CA5D8F00D0CADE /* Alert.swift */,
			);
			path = Alerts;
			sourceTree = "<group>";
		};
		F851853F29CB19B800D0CADE /* Models */ = {
			isa = PBXGroup;
			children = (
				F851852529CA2EA700D0CADE /* Appetizer.swift */,
			);
			path = Models;
			sourceTree = "<group>";
		};
		F851854029CB19DA00D0CADE /* Views */ = {
			isa = PBXGroup;
			children = (
				F851854329CB19F400D0CADE /* Image */,
				F851854229CB19EE00D0CADE /* Cells */,
				F851854129CB19E100D0CADE /* UIKit Compoments */,
			);
			path = Views;
			sourceTree = "<group>";
		};
		F851854129CB19E100D0CADE /* UIKit Compoments */ = {
			isa = PBXGroup;
			children = (
				F851853129CA6A6300D0CADE /* LoadingView.swift */,
			);
			path = "UIKit Compoments";
			sourceTree = "<group>";
		};
		F851854229CB19EE00D0CADE /* Cells */ = {
			isa = PBXGroup;
			children = (
				F851852729CA341300D0CADE /* AppetizerListCell.swift */,
			);
			path = Cells;
			sourceTree = "<group>";
		};
		F851854329CB19F400D0CADE /* Image */ = {
			isa = PBXGroup;
			children = (
				F851853529CA826E00D0CADE /* RemoteImage.swift */,
			);
			path = Image;
			sourceTree = "<group>";
		};
/* End PBXGroup section */

/* Begin PBXNativeTarget section */
		F851850D29C9FD3400D0CADE /* Appetizers */ = {
			isa = PBXNativeTarget;
			buildConfigurationList = F851851C29C9FD3500D0CADE /* Build configuration list for PBXNativeTarget "Appetizers" */;
			buildPhases = (
				F851850A29C9FD3400D0CADE /* Sources */,
				F851850B29C9FD3400D0CADE /* Frameworks */,
				F851850C29C9FD3400D0CADE /* Resources */,
			);
			buildRules = (
			);
			dependencies = (
			);
			name = Appetizers;
			productName = Appetizers;
			productReference = F851850E29C9FD3400D0CADE /* Appetizers.app */;
			productType = "com.apple.product-type.application";
		};
/* End PBXNativeTarget section */

/* Begin PBXProject section */
		F851850629C9FD3400D0CADE /* Project object */ = {
			isa = PBXProject;
			attributes = {
				BuildIndependentTargetsInParallel = 1;
				LastSwiftUpdateCheck = 1410;
				LastUpgradeCheck = 1410;
				TargetAttributes = {
					F851850D29C9FD3400D0CADE = {
						CreatedOnToolsVersion = 14.1;
					};
				};
			};
			buildConfigurationList = F851850929C9FD3400D0CADE /* Build configuration list for PBXProject "Appetizers" */;
			compatibilityVersion = "Xcode 14.0";
			developmentRegion = en;
			hasScannedForEncodings = 0;
			knownRegions = (
				en,
				Base,
			);
			mainGroup = F851850529C9FD3400D0CADE;
			productRefGroup = F851850F29C9FD3400D0CADE /* Products */;
			projectDirPath = "";
			projectRoot = "";
			targets = (
				F851850D29C9FD3400D0CADE /* Appetizers */,
			);
		};
/* End PBXProject section */

/* Begin PBXResourcesBuildPhase section */
		F851850C29C9FD3400D0CADE /* Resources */ = {
			isa = PBXResourcesBuildPhase;
			buildActionMask = 2147483647;
			files = (
				F851851929C9FD3500D0CADE /* Preview Assets.xcassets in Resources */,
				F851851629C9FD3500D0CADE /* Assets.xcassets in Resources */,
			);
			runOnlyForDeploymentPostprocessing = 0;
		};
/* End PBXResourcesBuildPhase section */

/* Begin PBXSourcesBuildPhase section */
		F851850A29C9FD3400D0CADE /* Sources */ = {
			isa = PBXSourcesBuildPhase;
			buildActionMask = 2147483647;
			files = (
				F851852629CA2EA700D0CADE /* Appetizer.swift in Sources */,
				F851852C29CA3CA500D0CADE /* APError.swift in Sources */,
				F851852829CA341300D0CADE /* AppetizerListCell.swift in Sources */,
				F851852E29CA57D400D0CADE /* AppetizerListViewModel.swift in Sources */,
				F851853429CA6BE500D0CADE /* Color+Ext.swift in Sources */,
				F851852229C9FDFB00D0CADE /* AccountView.swift in Sources */,
				F851853229CA6A6300D0CADE /* LoadingView.swift in Sources */,
				F851851429C9FD3400D0CADE /* AppetizerTabView.swift in Sources */,
				F851852A29CA3B8000D0CADE /* NetworkManager.swift in Sources */,
				F851853629CA826E00D0CADE /* RemoteImage.swift in Sources */,
				F851854529CB1B6200D0CADE /* AppetizerDetailView.swift in Sources */,
				F851851229C9FD3400D0CADE /* AppetizersApp.swift in Sources */,
				F851853029CA5D8F00D0CADE /* Alert.swift in Sources */,
				F851852029C9FDEA00D0CADE /* AppetizerListView.swift in Sources */,
				F851852429C9FE0600D0CADE /* OrderView.swift in Sources */,
			);
			runOnlyForDeploymentPostprocessing = 0;
		};
/* End PBXSourcesBuildPhase section */

/* Begin XCBuildConfiguration section */
		F851851A29C9FD3500D0CADE /* Debug */ = {
			isa = XCBuildConfiguration;
			buildSettings = {
				ALWAYS_SEARCH_USER_PATHS = NO;
				CLANG_ANALYZER_NONNULL = YES;
				CLANG_ANALYZER_NUMBER_OBJECT_CONVERSION = YES_AGGRESSIVE;
				CLANG_CXX_LANGUAGE_STANDARD = "gnu++20";
				CLANG_ENABLE_MODULES = YES;
				CLANG_ENABLE_OBJC_ARC = YES;
				CLANG_ENABLE_OBJC_WEAK = YES;
				CLANG_WARN_BLOCK_CAPTURE_AUTORELEASING = YES;
				CLANG_WARN_BOOL_CONVERSION = YES;
				CLANG_WARN_COMMA = YES;
				CLANG_WARN_CONSTANT_CONVERSION = YES;
				CLANG_WARN_DEPRECATED_OBJC_IMPLEMENTATIONS = YES;
				CLANG_WARN_DIRECT_OBJC_ISA_USAGE = YES_ERROR;
				CLANG_WARN_DOCUMENTATION_COMMENTS = YES;
				CLANG_WARN_EMPTY_BODY = YES;
				CLANG_WARN_ENUM_CONVERSION = YES;
				CLANG_WARN_INFINITE_RECURSION = YES;
				CLANG_WARN_INT_CONVERSION = YES;
				CLANG_WARN_NON_LITERAL_NULL_CONVERSION = YES;
				CLANG_WARN_OBJC_IMPLICIT_RETAIN_SELF = YES;
				CLANG_WARN_OBJC_LITERAL_CONVERSION = YES;
				CLANG_WARN_OBJC_ROOT_CLASS = YES_ERROR;
				CLANG_WARN_QUOTED_INCLUDE_IN_FRAMEWORK_HEADER = YES;
				CLANG_WARN_RANGE_LOOP_ANALYSIS = YES;
				CLANG_WARN_STRICT_PROTOTYPES = YES;
				CLANG_WARN_SUSPICIOUS_MOVE = YES;
				CLANG_WARN_UNGUARDED_AVAILABILITY = YES_AGGRESSIVE;
				CLANG_WARN_UNREACHABLE_CODE = YES;
				CLANG_WARN__DUPLICATE_METHOD_MATCH = YES;
				COPY_PHASE_STRIP = NO;
				DEBUG_INFORMATION_FORMAT = dwarf;
				ENABLE_STRICT_OBJC_MSGSEND = YES;
				ENABLE_TESTABILITY = YES;
				GCC_C_LANGUAGE_STANDARD = gnu11;
				GCC_DYNAMIC_NO_PIC = NO;
				GCC_NO_COMMON_BLOCKS = YES;
				GCC_OPTIMIZATION_LEVEL = 0;
				GCC_PREPROCESSOR_DEFINITIONS = (
					"DEBUG=1",
					"$(inherited)",
				);
				GCC_WARN_64_TO_32_BIT_CONVERSION = YES;
				GCC_WARN_ABOUT_RETURN_TYPE = YES_ERROR;
				GCC_WARN_UNDECLARED_SELECTOR = YES;
				GCC_WARN_UNINITIALIZED_AUTOS = YES_AGGRESSIVE;
				GCC_WARN_UNUSED_FUNCTION = YES;
				GCC_WARN_UNUSED_VARIABLE = YES;
				IPHONEOS_DEPLOYMENT_TARGET = 16.1;
				MTL_ENABLE_DEBUG_INFO = INCLUDE_SOURCE;
				MTL_FAST_MATH = YES;
				ONLY_ACTIVE_ARCH = YES;
				SDKROOT = iphoneos;
				SWIFT_ACTIVE_COMPILATION_CONDITIONS = DEBUG;
				SWIFT_OPTIMIZATION_LEVEL = "-Onone";
			};
			name = Debug;
		};
		F851851B29C9FD3500D0CADE /* Release */ = {
			isa = XCBuildConfiguration;
			buildSettings = {
				ALWAYS_SEARCH_USER_PATHS = NO;
				CLANG_ANALYZER_NONNULL = YES;
				CLANG_ANALYZER_NUMBER_OBJECT_CONVERSION = YES_AGGRESSIVE;
				CLANG_CXX_LANGUAGE_STANDARD = "gnu++20";
				CLANG_ENABLE_MODULES = YES;
				CLANG_ENABLE_OBJC_ARC = YES;
				CLANG_ENABLE_OBJC_WEAK = YES;
				CLANG_WARN_BLOCK_CAPTURE_AUTORELEASING = YES;
				CLANG_WARN_BOOL_CONVERSION = YES;
				CLANG_WARN_COMMA = YES;
				CLANG_WARN_CONSTANT_CONVERSION = YES;
				CLANG_WARN_DEPRECATED_OBJC_IMPLEMENTATIONS = YES;
				CLANG_WARN_DIRECT_OBJC_ISA_USAGE = YES_ERROR;
				CLANG_WARN_DOCUMENTATION_COMMENTS = YES;
				CLANG_WARN_EMPTY_BODY = YES;
				CLANG_WARN_ENUM_CONVERSION = YES;
				CLANG_WARN_INFINITE_RECURSION = YES;
				CLANG_WARN_INT_CONVERSION = YES;
				CLANG_WARN_NON_LITERAL_NULL_CONVERSION = YES;
				CLANG_WARN_OBJC_IMPLICIT_RETAIN_SELF = YES;
				CLANG_WARN_OBJC_LITERAL_CONVERSION = YES;
				CLANG_WARN_OBJC_ROOT_CLASS = YES_ERROR;
				CLANG_WARN_QUOTED_INCLUDE_IN_FRAMEWORK_HEADER = YES;
				CLANG_WARN_RANGE_LOOP_ANALYSIS = YES;
				CLANG_WARN_STRICT_PROTOTYPES = YES;
				CLANG_WARN_SUSPICIOUS_MOVE = YES;
				CLANG_WARN_UNGUARDED_AVAILABILITY = YES_AGGRESSIVE;
				CLANG_WARN_UNREACHABLE_CODE = YES;
				CLANG_WARN__DUPLICATE_METHOD_MATCH = YES;
				COPY_PHASE_STRIP = NO;
				DEBUG_INFORMATION_FORMAT = "dwarf-with-dsym";
				ENABLE_NS_ASSERTIONS = NO;
				ENABLE_STRICT_OBJC_MSGSEND = YES;
				GCC_C_LANGUAGE_STANDARD = gnu11;
				GCC_NO_COMMON_BLOCKS = YES;
				GCC_WARN_64_TO_32_BIT_CONVERSION = YES;
				GCC_WARN_ABOUT_RETURN_TYPE = YES_ERROR;
				GCC_WARN_UNDECLARED_SELECTOR = YES;
				GCC_WARN_UNINITIALIZED_AUTOS = YES_AGGRESSIVE;
				GCC_WARN_UNUSED_FUNCTION = YES;
				GCC_WARN_UNUSED_VARIABLE = YES;
				IPHONEOS_DEPLOYMENT_TARGET = 16.1;
				MTL_ENABLE_DEBUG_INFO = NO;
				MTL_FAST_MATH = YES;
				SDKROOT = iphoneos;
				SWIFT_COMPILATION_MODE = wholemodule;
				SWIFT_OPTIMIZATION_LEVEL = "-O";
				VALIDATE_PRODUCT = YES;
			};
			name = Release;
		};
		F851851D29C9FD3500D0CADE /* Debug */ = {
			isa = XCBuildConfiguration;
			buildSettings = {
				ASSETCATALOG_COMPILER_APPICON_NAME = AppIcon;
				ASSETCATALOG_COMPILER_GLOBAL_ACCENT_COLOR_NAME = AccentColor;
				CODE_SIGN_STYLE = Automatic;
				CURRENT_PROJECT_VERSION = 1;
				DEVELOPMENT_ASSET_PATHS = "\"Appetizers/Preview Content\"";
				DEVELOPMENT_TEAM = EKZMJ583Y3;
				ENABLE_PREVIEWS = YES;
				GENERATE_INFOPLIST_FILE = YES;
				INFOPLIST_KEY_UIApplicationSceneManifest_Generation = YES;
				INFOPLIST_KEY_UIApplicationSupportsIndirectInputEvents = YES;
				INFOPLIST_KEY_UILaunchScreen_Generation = YES;
				INFOPLIST_KEY_UISupportedInterfaceOrientations_iPad = "UIInterfaceOrientationPortrait UIInterfaceOrientationPortraitUpsideDown UIInterfaceOrientationLandscapeLeft UIInterfaceOrientationLandscapeRight";
				INFOPLIST_KEY_UISupportedInterfaceOrientations_iPhone = "UIInterfaceOrientationPortrait UIInterfaceOrientationLandscapeLeft UIInterfaceOrientationLandscapeRight";
				LD_RUNPATH_SEARCH_PATHS = (
					"$(inherited)",
					"@executable_path/Frameworks",
				);
				MARKETING_VERSION = 1.0;
				PRODUCT_BUNDLE_IDENTIFIER = com.CRG.Appetizers;
				PRODUCT_NAME = "$(TARGET_NAME)";
				SWIFT_EMIT_LOC_STRINGS = YES;
				SWIFT_VERSION = 5.0;
				TARGETED_DEVICE_FAMILY = "1,2";
			};
			name = Debug;
		};
		F851851E29C9FD3500D0CADE /* Release */ = {
			isa = XCBuildConfiguration;
			buildSettings = {
				ASSETCATALOG_COMPILER_APPICON_NAME = AppIcon;
				ASSETCATALOG_COMPILER_GLOBAL_ACCENT_COLOR_NAME = AccentColor;
				CODE_SIGN_STYLE = Automatic;
				CURRENT_PROJECT_VERSION = 1;
				DEVELOPMENT_ASSET_PATHS = "\"Appetizers/Preview Content\"";
				DEVELOPMENT_TEAM = EKZMJ583Y3;
				ENABLE_PREVIEWS = YES;
				GENERATE_INFOPLIST_FILE = YES;
				INFOPLIST_KEY_UIApplicationSceneManifest_Generation = YES;
				INFOPLIST_KEY_UIApplicationSupportsIndirectInputEvents = YES;
				INFOPLIST_KEY_UILaunchScreen_Generation = YES;
				INFOPLIST_KEY_UISupportedInterfaceOrientations_iPad = "UIInterfaceOrientationPortrait UIInterfaceOrientationPortraitUpsideDown UIInterfaceOrientationLandscapeLeft UIInterfaceOrientationLandscapeRight";
				INFOPLIST_KEY_UISupportedInterfaceOrientations_iPhone = "UIInterfaceOrientationPortrait UIInterfaceOrientationLandscapeLeft UIInterfaceOrientationLandscapeRight";
				LD_RUNPATH_SEARCH_PATHS = (
					"$(inherited)",
					"@executable_path/Frameworks",
				);
				MARKETING_VERSION = 1.0;
				PRODUCT_BUNDLE_IDENTIFIER = com.CRG.Appetizers;
				PRODUCT_NAME = "$(TARGET_NAME)";
				SWIFT_EMIT_LOC_STRINGS = YES;
				SWIFT_VERSION = 5.0;
				TARGETED_DEVICE_FAMILY = "1,2";
			};
			name = Release;
		};
/* End XCBuildConfiguration section */

/* Begin XCConfigurationList section */
		F851850929C9FD3400D0CADE /* Build configuration list for PBXProject "Appetizers" */ = {
			isa = XCConfigurationList;
			buildConfigurations = (
				F851851A29C9FD3500D0CADE /* Debug */,
				F851851B29C9FD3500D0CADE /* Release */,
			);
			defaultConfigurationIsVisible = 0;
			defaultConfigurationName = Release;
		};
		F851851C29C9FD3500D0CADE /* Build configuration list for PBXNativeTarget "Appetizers" */ = {
			isa = XCConfigurationList;
			buildConfigurations = (
				F851851D29C9FD3500D0CADE /* Debug */,
				F851851E29C9FD3500D0CADE /* Release */,
			);
			defaultConfigurationIsVisible = 0;
			defaultConfigurationName = Release;
		};
/* End XCConfigurationList section */
	};
	rootObject = F851850629C9FD3400D0CADE /* Project object */;
}
